// !$*UTF8*$!
{
	archiveVersion = 1;
	classes = {
	};
	objectVersion = 46;
	objects = {

/* Begin PBXBuildFile section */
		560BAFB31E6E61F600CE80CB /* CYContactListCell.swift in Sources */ = {isa = PBXBuildFile; fileRef = 560BAFB21E6E61F600CE80CB /* CYContactListCell.swift */; };
		560BAFC21E6EC20A00CE80CB /* CYChatListController.swift in Sources */ = {isa = PBXBuildFile; fileRef = 560BAFBE1E6EC20A00CE80CB /* CYChatListController.swift */; };
		560BAFC31E6EC20A00CE80CB /* CYChatListCell.swift in Sources */ = {isa = PBXBuildFile; fileRef = 560BAFC11E6EC20A00CE80CB /* CYChatListCell.swift */; };
		560BAFC51E6EC22400CE80CB /* CYChatDetailController.swift in Sources */ = {isa = PBXBuildFile; fileRef = 560BAFC41E6EC22400CE80CB /* CYChatDetailController.swift */; };
		560BAFC71E6EC48F00CE80CB /* CYChatToolbar.swift in Sources */ = {isa = PBXBuildFile; fileRef = 560BAFC61E6EC48F00CE80CB /* CYChatToolbar.swift */; };
		5612F5BB1E6D673D0009FE80 /* SwiftWechatTests.swift in Sources */ = {isa = PBXBuildFile; fileRef = 5612F5BA1E6D673D0009FE80 /* SwiftWechatTests.swift */; };
		5612F5C61E6D673D0009FE80 /* SwiftWechatUITests.swift in Sources */ = {isa = PBXBuildFile; fileRef = 5612F5C51E6D673D0009FE80 /* SwiftWechatUITests.swift */; };
		5612F5ED1E6D68040009FE80 /* AppDelegate.swift in Sources */ = {isa = PBXBuildFile; fileRef = 5612F5D41E6D68040009FE80 /* AppDelegate.swift */; };
		5612F5EE1E6D68050009FE80 /* Assets.xcassets in Resources */ = {isa = PBXBuildFile; fileRef = 5612F5D51E6D68040009FE80 /* Assets.xcassets */; };
		5612F5F21E6D68350009FE80 /* CYTabbarController.swift in Sources */ = {isa = PBXBuildFile; fileRef = 5612F5F11E6D68350009FE80 /* CYTabbarController.swift */; };
		5612F5F81E6D68A50009FE80 /* CYDiscoveyController.swift in Sources */ = {isa = PBXBuildFile; fileRef = 5612F5F71E6D68A50009FE80 /* CYDiscoveyController.swift */; };
		5612F6001E6D6AB80009FE80 /* WBBaseNavigationController.swift in Sources */ = {isa = PBXBuildFile; fileRef = 5612F5FF1E6D6AB80009FE80 /* WBBaseNavigationController.swift */; };
		5612F6021E6D6B3B0009FE80 /* Info.plist in Resources */ = {isa = PBXBuildFile; fileRef = 5612F6011E6D6B3B0009FE80 /* Info.plist */; };
		56A8151C1E6D854B00751901 /* CYProfileController.swift in Sources */ = {isa = PBXBuildFile; fileRef = 56A815191E6D854B00751901 /* CYProfileController.swift */; };
		56A8151E1E6D855D00751901 /* CYProfileHeaderCell.swift in Sources */ = {isa = PBXBuildFile; fileRef = 56A8151D1E6D855D00751901 /* CYProfileHeaderCell.swift */; };
		56A815201E6D881500751901 /* SnapKit.framework in Frameworks */ = {isa = PBXBuildFile; fileRef = 56A8151F1E6D881500751901 /* SnapKit.framework */; };
		56A815281E6E560B00751901 /* CYContactListController.swift in Sources */ = {isa = PBXBuildFile; fileRef = 56A815251E6E560B00751901 /* CYContactListController.swift */; };
		B551961D19D8F7B5BB66A323 /* Pods_SwiftWechat.framework in Frameworks */ = {isa = PBXBuildFile; fileRef = 2D6F13C6F7197AC0AA71CE22 /* Pods_SwiftWechat.framework */; };
/* End PBXBuildFile section */

/* Begin PBXContainerItemProxy section */
		5612F5B71E6D673D0009FE80 /* PBXContainerItemProxy */ = {
			isa = PBXContainerItemProxy;
			containerPortal = 5612F59A1E6D673D0009FE80 /* Project object */;
			proxyType = 1;
			remoteGlobalIDString = 5612F5A11E6D673D0009FE80;
			remoteInfo = SwiftWechat;
		};
		5612F5C21E6D673D0009FE80 /* PBXContainerItemProxy */ = {
			isa = PBXContainerItemProxy;
			containerPortal = 5612F59A1E6D673D0009FE80 /* Project object */;
			proxyType = 1;
			remoteGlobalIDString = 5612F5A11E6D673D0009FE80;
			remoteInfo = SwiftWechat;
		};
/* End PBXContainerItemProxy section */

/* Begin PBXFileReference section */
		112FA651AF3483C9C119C378 /* Pods-SwiftWechat.debug.xcconfig */ = {isa = PBXFileReference; includeInIndex = 1; lastKnownFileType = text.xcconfig; name = "Pods-SwiftWechat.debug.xcconfig"; path = "Pods/Target Support Files/Pods-SwiftWechat/Pods-SwiftWechat.debug.xcconfig"; sourceTree = "<group>"; };
		17BAB97396C83253300BAA99 /* Pods-SwiftWechat.release.xcconfig */ = {isa = PBXFileReference; includeInIndex = 1; lastKnownFileType = text.xcconfig; name = "Pods-SwiftWechat.release.xcconfig"; path = "Pods/Target Support Files/Pods-SwiftWechat/Pods-SwiftWechat.release.xcconfig"; sourceTree = "<group>"; };
		2D6F13C6F7197AC0AA71CE22 /* Pods_SwiftWechat.framework */ = {isa = PBXFileReference; explicitFileType = wrapper.framework; includeInIndex = 0; path = Pods_SwiftWechat.framework; sourceTree = BUILT_PRODUCTS_DIR; };
		560BAFB21E6E61F600CE80CB /* CYContactListCell.swift */ = {isa = PBXFileReference; fileEncoding = 4; lastKnownFileType = sourcecode.swift; path = CYContactListCell.swift; sourceTree = "<group>"; };
		560BAFBE1E6EC20A00CE80CB /* CYChatListController.swift */ = {isa = PBXFileReference; fileEncoding = 4; lastKnownFileType = sourcecode.swift; path = CYChatListController.swift; sourceTree = "<group>"; };
		560BAFC11E6EC20A00CE80CB /* CYChatListCell.swift */ = {isa = PBXFileReference; fileEncoding = 4; lastKnownFileType = sourcecode.swift; path = CYChatListCell.swift; sourceTree = "<group>"; };
		560BAFC41E6EC22400CE80CB /* CYChatDetailController.swift */ = {isa = PBXFileReference; fileEncoding = 4; lastKnownFileType = sourcecode.swift; path = CYChatDetailController.swift; sourceTree = "<group>"; };
		560BAFC61E6EC48F00CE80CB /* CYChatToolbar.swift */ = {isa = PBXFileReference; fileEncoding = 4; lastKnownFileType = sourcecode.swift; path = CYChatToolbar.swift; sourceTree = "<group>"; };
		5612F5A21E6D673D0009FE80 /* SwiftWechat.app */ = {isa = PBXFileReference; explicitFileType = wrapper.application; includeInIndex = 0; path = SwiftWechat.app; sourceTree = BUILT_PRODUCTS_DIR; };
		5612F5B61E6D673D0009FE80 /* SwiftWechatTests.xctest */ = {isa = PBXFileReference; explicitFileType = wrapper.cfbundle; includeInIndex = 0; path = SwiftWechatTests.xctest; sourceTree = BUILT_PRODUCTS_DIR; };
		5612F5BA1E6D673D0009FE80 /* SwiftWechatTests.swift */ = {isa = PBXFileReference; lastKnownFileType = sourcecode.swift; path = SwiftWechatTests.swift; sourceTree = "<group>"; };
		5612F5BC1E6D673D0009FE80 /* Info.plist */ = {isa = PBXFileReference; lastKnownFileType = text.plist.xml; path = Info.plist; sourceTree = "<group>"; };
		5612F5C11E6D673D0009FE80 /* SwiftWechatUITests.xctest */ = {isa = PBXFileReference; explicitFileType = wrapper.cfbundle; includeInIndex = 0; path = SwiftWechatUITests.xctest; sourceTree = BUILT_PRODUCTS_DIR; };
		5612F5C51E6D673D0009FE80 /* SwiftWechatUITests.swift */ = {isa = PBXFileReference; lastKnownFileType = sourcecode.swift; path = SwiftWechatUITests.swift; sourceTree = "<group>"; };
		5612F5C71E6D673D0009FE80 /* Info.plist */ = {isa = PBXFileReference; lastKnownFileType = text.plist.xml; path = Info.plist; sourceTree = "<group>"; };
		5612F5D41E6D68040009FE80 /* AppDelegate.swift */ = {isa = PBXFileReference; fileEncoding = 4; lastKnownFileType = sourcecode.swift; path = AppDelegate.swift; sourceTree = "<group>"; };
		5612F5D51E6D68040009FE80 /* Assets.xcassets */ = {isa = PBXFileReference; lastKnownFileType = folder.assetcatalog; path = Assets.xcassets; sourceTree = "<group>"; };
		5612F5F11E6D68350009FE80 /* CYTabbarController.swift */ = {isa = PBXFileReference; fileEncoding = 4; lastKnownFileType = sourcecode.swift; path = CYTabbarController.swift; sourceTree = "<group>"; };
		5612F5F71E6D68A50009FE80 /* CYDiscoveyController.swift */ = {isa = PBXFileReference; fileEncoding = 4; lastKnownFileType = sourcecode.swift; path = CYDiscoveyController.swift; sourceTree = "<group>"; };
		5612F5FF1E6D6AB80009FE80 /* WBBaseNavigationController.swift */ = {isa = PBXFileReference; fileEncoding = 4; lastKnownFileType = sourcecode.swift; path = WBBaseNavigationController.swift; sourceTree = "<group>"; };
		5612F6011E6D6B3B0009FE80 /* Info.plist */ = {isa = PBXFileReference; fileEncoding = 4; lastKnownFileType = text.plist.xml; path = Info.plist; sourceTree = "<group>"; };
		56A815191E6D854B00751901 /* CYProfileController.swift */ = {isa = PBXFileReference; fileEncoding = 4; lastKnownFileType = sourcecode.swift; path = CYProfileController.swift; sourceTree = "<group>"; };
		56A8151D1E6D855D00751901 /* CYProfileHeaderCell.swift */ = {isa = PBXFileReference; fileEncoding = 4; lastKnownFileType = sourcecode.swift; path = CYProfileHeaderCell.swift; sourceTree = "<group>"; };
		56A8151F1E6D881500751901 /* SnapKit.framework */ = {isa = PBXFileReference; lastKnownFileType = wrapper.framework; name = SnapKit.framework; path = "../../../../Library/Developer/Xcode/DerivedData/SwiftWechat-bkkhhehdrxmsfhazpgnhwnljfrur/Build/Products/Debug-iphonesimulator/SnapKit/SnapKit.framework"; sourceTree = "<group>"; };
		56A815251E6E560B00751901 /* CYContactListController.swift */ = {isa = PBXFileReference; fileEncoding = 4; lastKnownFileType = sourcecode.swift; path = CYContactListController.swift; sourceTree = "<group>"; };
/* End PBXFileReference section */

/* Begin PBXFrameworksBuildPhase section */
		5612F59F1E6D673D0009FE80 /* Frameworks */ = {
			isa = PBXFrameworksBuildPhase;
			buildActionMask = 2147483647;
			files = (
				56A815201E6D881500751901 /* SnapKit.framework in Frameworks */,
				B551961D19D8F7B5BB66A323 /* Pods_SwiftWechat.framework in Frameworks */,
			);
			runOnlyForDeploymentPostprocessing = 0;
		};
		5612F5B31E6D673D0009FE80 /* Frameworks */ = {
			isa = PBXFrameworksBuildPhase;
			buildActionMask = 2147483647;
			files = (
			);
			runOnlyForDeploymentPostprocessing = 0;
		};
		5612F5BE1E6D673D0009FE80 /* Frameworks */ = {
			isa = PBXFrameworksBuildPhase;
			buildActionMask = 2147483647;
			files = (
			);
			runOnlyForDeploymentPostprocessing = 0;
		};
/* End PBXFrameworksBuildPhase section */

/* Begin PBXGroup section */
		560BAFB41E6EACCE00CE80CB /* Other */ = {
			isa = PBXGroup;
			children = (
				560BAFB51E6EACCE00CE80CB /* Extension */,
			);
			path = Other;
			sourceTree = "<group>";
		};
		560BAFB51E6EACCE00CE80CB /* Extension */ = {
			isa = PBXGroup;
			children = (
			);
			path = Extension;
			sourceTree = "<group>";
		};
		560BAFB81E6EC20A00CE80CB /* Detail */ = {
			isa = PBXGroup;
			children = (
				560BAFB91E6EC20A00CE80CB /* Controller */,
				560BAFBA1E6EC20A00CE80CB /* Model */,
				560BAFBB1E6EC20A00CE80CB /* View */,
			);
			name = Detail;
			path = SwiftWechat/ChatList/Detail;
			sourceTree = SOURCE_ROOT;
		};
		560BAFB91E6EC20A00CE80CB /* Controller */ = {
			isa = PBXGroup;
			children = (
				560BAFC41E6EC22400CE80CB /* CYChatDetailController.swift */,
			);
			path = Controller;
			sourceTree = "<group>";
		};
		560BAFBA1E6EC20A00CE80CB /* Model */ = {
			isa = PBXGroup;
			children = (
			);
			path = Model;
			sourceTree = "<group>";
		};
		560BAFBB1E6EC20A00CE80CB /* View */ = {
			isa = PBXGroup;
			children = (
				560BAFC61E6EC48F00CE80CB /* CYChatToolbar.swift */,
			);
			path = View;
			sourceTree = "<group>";
		};
		560BAFBC1E6EC20A00CE80CB /* List */ = {
			isa = PBXGroup;
			children = (
				560BAFBD1E6EC20A00CE80CB /* Controller */,
				560BAFBF1E6EC20A00CE80CB /* Model */,
				560BAFC01E6EC20A00CE80CB /* View */,
			);
			name = List;
			path = SwiftWechat/ChatList/List;
			sourceTree = SOURCE_ROOT;
		};
		560BAFBD1E6EC20A00CE80CB /* Controller */ = {
			isa = PBXGroup;
			children = (
				560BAFBE1E6EC20A00CE80CB /* CYChatListController.swift */,
			);
			path = Controller;
			sourceTree = "<group>";
		};
		560BAFBF1E6EC20A00CE80CB /* Model */ = {
			isa = PBXGroup;
			children = (
			);
			path = Model;
			sourceTree = "<group>";
		};
		560BAFC01E6EC20A00CE80CB /* View */ = {
			isa = PBXGroup;
			children = (
				560BAFC11E6EC20A00CE80CB /* CYChatListCell.swift */,
			);
			path = View;
			sourceTree = "<group>";
		};
		5612F5991E6D673D0009FE80 = {
			isa = PBXGroup;
			children = (
				5612F5A41E6D673D0009FE80 /* SwiftWechat */,
				5612F5B91E6D673D0009FE80 /* SwiftWechatTests */,
				5612F5C41E6D673D0009FE80 /* SwiftWechatUITests */,
				5612F5A31E6D673D0009FE80 /* Products */,
				7890BDD031B78A0292A58FB4 /* Pods */,
				6F901B6F5BE4FFD5C014A1B9 /* Frameworks */,
			);
			sourceTree = "<group>";
		};
		5612F5A31E6D673D0009FE80 /* Products */ = {
			isa = PBXGroup;
			children = (
				5612F5A21E6D673D0009FE80 /* SwiftWechat.app */,
				5612F5B61E6D673D0009FE80 /* SwiftWechatTests.xctest */,
				5612F5C11E6D673D0009FE80 /* SwiftWechatUITests.xctest */,
			);
			name = Products;
			sourceTree = "<group>";
		};
		5612F5A41E6D673D0009FE80 /* SwiftWechat */ = {
			isa = PBXGroup;
			children = (
				5612F6011E6D6B3B0009FE80 /* Info.plist */,
				5612F5FB1E6D6AA60009FE80 /* Base */,
				5612F5D91E6D68040009FE80 /* ChatList */,
				5612F5E11E6D68040009FE80 /* Discovery */,
				5612F5E51E6D68040009FE80 /* Main */,
				5612F5E91E6D68040009FE80 /* Me */,
				56A815231E6E560B00751901 /* ContactList */,
				560BAFB41E6EACCE00CE80CB /* Other */,
				5612F5D31E6D68040009FE80 /* App */,
			);
			path = SwiftWechat;
			sourceTree = "<group>";
		};
		5612F5B91E6D673D0009FE80 /* SwiftWechatTests */ = {
			isa = PBXGroup;
			children = (
				5612F5BA1E6D673D0009FE80 /* SwiftWechatTests.swift */,
				5612F5BC1E6D673D0009FE80 /* Info.plist */,
			);
			path = SwiftWechatTests;
			sourceTree = "<group>";
		};
		5612F5C41E6D673D0009FE80 /* SwiftWechatUITests */ = {
			isa = PBXGroup;
			children = (
				5612F5C51E6D673D0009FE80 /* SwiftWechatUITests.swift */,
				5612F5C71E6D673D0009FE80 /* Info.plist */,
			);
			path = SwiftWechatUITests;
			sourceTree = "<group>";
		};
		5612F5D31E6D68040009FE80 /* App */ = {
			isa = PBXGroup;
			children = (
				5612F5D41E6D68040009FE80 /* AppDelegate.swift */,
				5612F5D51E6D68040009FE80 /* Assets.xcassets */,
			);
			path = App;
			sourceTree = "<group>";
		};
		5612F5D91E6D68040009FE80 /* ChatList */ = {
			isa = PBXGroup;
			children = (
				560BAFB81E6EC20A00CE80CB /* Detail */,
				560BAFBC1E6EC20A00CE80CB /* List */,
			);
			name = ChatList;
			path = chatList;
			sourceTree = "<group>";
		};
		5612F5E11E6D68040009FE80 /* Discovery */ = {
			isa = PBXGroup;
			children = (
				5612F5E21E6D68040009FE80 /* Controller */,
				5612F5E31E6D68040009FE80 /* Model */,
				5612F5E41E6D68040009FE80 /* View */,
			);
			path = Discovery;
			sourceTree = "<group>";
		};
		5612F5E21E6D68040009FE80 /* Controller */ = {
			isa = PBXGroup;
			children = (
				5612F5F71E6D68A50009FE80 /* CYDiscoveyController.swift */,
			);
			path = Controller;
			sourceTree = "<group>";
		};
		5612F5E31E6D68040009FE80 /* Model */ = {
			isa = PBXGroup;
			children = (
			);
			path = Model;
			sourceTree = "<group>";
		};
		5612F5E41E6D68040009FE80 /* View */ = {
			isa = PBXGroup;
			children = (
			);
			path = View;
			sourceTree = "<group>";
		};
		5612F5E51E6D68040009FE80 /* Main */ = {
			isa = PBXGroup;
			children = (
				5612F5E61E6D68040009FE80 /* Controller */,
				5612F5E71E6D68040009FE80 /* Model */,
				5612F5E81E6D68040009FE80 /* View */,
			);
			path = Main;
			sourceTree = "<group>";
		};
		5612F5E61E6D68040009FE80 /* Controller */ = {
			isa = PBXGroup;
			children = (
				5612F5F11E6D68350009FE80 /* CYTabbarController.swift */,
			);
			path = Controller;
			sourceTree = "<group>";
		};
		5612F5E71E6D68040009FE80 /* Model */ = {
			isa = PBXGroup;
			children = (
			);
			path = Model;
			sourceTree = "<group>";
		};
		5612F5E81E6D68040009FE80 /* View */ = {
			isa = PBXGroup;
			children = (
			);
			path = View;
			sourceTree = "<group>";
		};
		5612F5E91E6D68040009FE80 /* Me */ = {
			isa = PBXGroup;
			children = (
				56A815171E6D854B00751901 /* Main */,
			);
			path = Me;
			sourceTree = "<group>";
		};
		5612F5FB1E6D6AA60009FE80 /* Base */ = {
			isa = PBXGroup;
			children = (
				5612F5FC1E6D6AA60009FE80 /* Controller */,
				5612F5FD1E6D6AA60009FE80 /* Model */,
				5612F5FE1E6D6AA60009FE80 /* View */,
			);
			path = Base;
			sourceTree = "<group>";
		};
		5612F5FC1E6D6AA60009FE80 /* Controller */ = {
			isa = PBXGroup;
			children = (
				5612F5FF1E6D6AB80009FE80 /* WBBaseNavigationController.swift */,
			);
			path = Controller;
			sourceTree = "<group>";
		};
		5612F5FD1E6D6AA60009FE80 /* Model */ = {
			isa = PBXGroup;
			children = (
			);
			path = Model;
			sourceTree = "<group>";
		};
		5612F5FE1E6D6AA60009FE80 /* View */ = {
			isa = PBXGroup;
			children = (
			);
			path = View;
			sourceTree = "<group>";
		};
		56A815171E6D854B00751901 /* Main */ = {
			isa = PBXGroup;
			children = (
				56A815181E6D854B00751901 /* Controller */,
				56A8151A1E6D854B00751901 /* Model */,
				56A8151B1E6D854B00751901 /* View */,
			);
			path = Main;
			sourceTree = "<group>";
		};
		56A815181E6D854B00751901 /* Controller */ = {
			isa = PBXGroup;
			children = (
				56A815191E6D854B00751901 /* CYProfileController.swift */,
			);
			path = Controller;
			sourceTree = "<group>";
		};
		56A8151A1E6D854B00751901 /* Model */ = {
			isa = PBXGroup;
			children = (
			);
			path = Model;
			sourceTree = "<group>";
		};
		56A8151B1E6D854B00751901 /* View */ = {
			isa = PBXGroup;
			children = (
				56A8151D1E6D855D00751901 /* CYProfileHeaderCell.swift */,
			);
			path = View;
			sourceTree = "<group>";
		};
		56A815231E6E560B00751901 /* ContactList */ = {
			isa = PBXGroup;
			children = (
				56A815241E6E560B00751901 /* Controller */,
				56A815261E6E560B00751901 /* Model */,
				56A815271E6E560B00751901 /* View */,
			);
			path = ContactList;
			sourceTree = "<group>";
		};
		56A815241E6E560B00751901 /* Controller */ = {
			isa = PBXGroup;
			children = (
				56A815251E6E560B00751901 /* CYContactListController.swift */,
			);
			path = Controller;
			sourceTree = "<group>";
		};
		56A815261E6E560B00751901 /* Model */ = {
			isa = PBXGroup;
			children = (
			);
			path = Model;
			sourceTree = "<group>";
		};
		56A815271E6E560B00751901 /* View */ = {
			isa = PBXGroup;
			children = (
				560BAFB21E6E61F600CE80CB /* CYContactListCell.swift */,
			);
			path = View;
			sourceTree = "<group>";
		};
		6F901B6F5BE4FFD5C014A1B9 /* Frameworks */ = {
			isa = PBXGroup;
			children = (
				56A8151F1E6D881500751901 /* SnapKit.framework */,
				2D6F13C6F7197AC0AA71CE22 /* Pods_SwiftWechat.framework */,
			);
			name = Frameworks;
			sourceTree = "<group>";
		};
		7890BDD031B78A0292A58FB4 /* Pods */ = {
			isa = PBXGroup;
			children = (
				112FA651AF3483C9C119C378 /* Pods-SwiftWechat.debug.xcconfig */,
				17BAB97396C83253300BAA99 /* Pods-SwiftWechat.release.xcconfig */,
			);
			name = Pods;
			sourceTree = "<group>";
		};
/* End PBXGroup section */

/* Begin PBXNativeTarget section */
		5612F5A11E6D673D0009FE80 /* SwiftWechat */ = {
			isa = PBXNativeTarget;
			buildConfigurationList = 5612F5CA1E6D673D0009FE80 /* Build configuration list for PBXNativeTarget "SwiftWechat" */;
			buildPhases = (
				20AECE91B7A42B30D51F89BA /* [CP] Check Pods Manifest.lock */,
				5612F59E1E6D673D0009FE80 /* Sources */,
				5612F59F1E6D673D0009FE80 /* Frameworks */,
				5612F5A01E6D673D0009FE80 /* Resources */,
				85922ED1C531AD61557A43A3 /* [CP] Embed Pods Frameworks */,
				525A1D7A57FC6000004D5D88 /* [CP] Copy Pods Resources */,
			);
			buildRules = (
			);
			dependencies = (
			);
			name = SwiftWechat;
			productName = SwiftWechat;
			productReference = 5612F5A21E6D673D0009FE80 /* SwiftWechat.app */;
			productType = "com.apple.product-type.application";
		};
		5612F5B51E6D673D0009FE80 /* SwiftWechatTests */ = {
			isa = PBXNativeTarget;
			buildConfigurationList = 5612F5CD1E6D673D0009FE80 /* Build configuration list for PBXNativeTarget "SwiftWechatTests" */;
			buildPhases = (
				5612F5B21E6D673D0009FE80 /* Sources */,
				5612F5B31E6D673D0009FE80 /* Frameworks */,
				5612F5B41E6D673D0009FE80 /* Resources */,
			);
			buildRules = (
			);
			dependencies = (
				5612F5B81E6D673D0009FE80 /* PBXTargetDependency */,
			);
			name = SwiftWechatTests;
			productName = SwiftWechatTests;
			productReference = 5612F5B61E6D673D0009FE80 /* SwiftWechatTests.xctest */;
			productType = "com.apple.product-type.bundle.unit-test";
		};
		5612F5C01E6D673D0009FE80 /* SwiftWechatUITests */ = {
			isa = PBXNativeTarget;
			buildConfigurationList = 5612F5D01E6D673D0009FE80 /* Build configuration list for PBXNativeTarget "SwiftWechatUITests" */;
			buildPhases = (
				5612F5BD1E6D673D0009FE80 /* Sources */,
				5612F5BE1E6D673D0009FE80 /* Frameworks */,
				5612F5BF1E6D673D0009FE80 /* Resources */,
			);
			buildRules = (
			);
			dependencies = (
				5612F5C31E6D673D0009FE80 /* PBXTargetDependency */,
			);
			name = SwiftWechatUITests;
			productName = SwiftWechatUITests;
			productReference = 5612F5C11E6D673D0009FE80 /* SwiftWechatUITests.xctest */;
			productType = "com.apple.product-type.bundle.ui-testing";
		};
/* End PBXNativeTarget section */

/* Begin PBXProject section */
		5612F59A1E6D673D0009FE80 /* Project object */ = {
			isa = PBXProject;
			attributes = {
				CLASSPREFIX = CY;
				LastSwiftUpdateCheck = 0820;
				LastUpgradeCheck = 0820;
				ORGANIZATIONNAME = Charles;
				TargetAttributes = {
					5612F5A11E6D673D0009FE80 = {
						CreatedOnToolsVersion = 8.2.1;
						DevelopmentTeam = XDA2CE2AR2;
						ProvisioningStyle = Manual;
					};
					5612F5B51E6D673D0009FE80 = {
						CreatedOnToolsVersion = 8.2.1;
						ProvisioningStyle = Automatic;
						TestTargetID = 5612F5A11E6D673D0009FE80;
					};
					5612F5C01E6D673D0009FE80 = {
						CreatedOnToolsVersion = 8.2.1;
						ProvisioningStyle = Automatic;
						TestTargetID = 5612F5A11E6D673D0009FE80;
					};
				};
			};
			buildConfigurationList = 5612F59D1E6D673D0009FE80 /* Build configuration list for PBXProject "SwiftWechat" */;
			compatibilityVersion = "Xcode 3.2";
			developmentRegion = English;
			hasScannedForEncodings = 0;
			knownRegions = (
				en,
				Base,
			);
			mainGroup = 5612F5991E6D673D0009FE80;
			productRefGroup = 5612F5A31E6D673D0009FE80 /* Products */;
			projectDirPath = "";
			projectRoot = "";
			targets = (
				5612F5A11E6D673D0009FE80 /* SwiftWechat */,
				5612F5B51E6D673D0009FE80 /* SwiftWechatTests */,
				5612F5C01E6D673D0009FE80 /* SwiftWechatUITests */,
			);
		};
/* End PBXProject section */

/* Begin PBXResourcesBuildPhase section */
		5612F5A01E6D673D0009FE80 /* Resources */ = {
			isa = PBXResourcesBuildPhase;
			buildActionMask = 2147483647;
			files = (
				5612F5EE1E6D68050009FE80 /* Assets.xcassets in Resources */,
				5612F6021E6D6B3B0009FE80 /* Info.plist in Resources */,
			);
			runOnlyForDeploymentPostprocessing = 0;
		};
		5612F5B41E6D673D0009FE80 /* Resources */ = {
			isa = PBXResourcesBuildPhase;
			buildActionMask = 2147483647;
			files = (
			);
			runOnlyForDeploymentPostprocessing = 0;
		};
		5612F5BF1E6D673D0009FE80 /* Resources */ = {
			isa = PBXResourcesBuildPhase;
			buildActionMask = 2147483647;
			files = (
			);
			runOnlyForDeploymentPostprocessing = 0;
		};
/* End PBXResourcesBuildPhase section */

/* Begin PBXShellScriptBuildPhase section */
		20AECE91B7A42B30D51F89BA /* [CP] Check Pods Manifest.lock */ = {
			isa = PBXShellScriptBuildPhase;
			buildActionMask = 2147483647;
			files = (
			);
			inputPaths = (
			);
			name = "[CP] Check Pods Manifest.lock";
			outputPaths = (
			);
			runOnlyForDeploymentPostprocessing = 0;
			shellPath = /bin/sh;
			shellScript = "diff \"${PODS_ROOT}/../Podfile.lock\" \"${PODS_ROOT}/Manifest.lock\" > /dev/null\nif [ $? != 0 ] ; then\n    # print error to STDERR\n    echo \"error: The sandbox is not in sync with the Podfile.lock. Run 'pod install' or update your CocoaPods installation.\" >&2\n    exit 1\nfi\n";
			showEnvVarsInLog = 0;
		};
		525A1D7A57FC6000004D5D88 /* [CP] Copy Pods Resources */ = {
			isa = PBXShellScriptBuildPhase;
			buildActionMask = 2147483647;
			files = (
			);
			inputPaths = (
			);
			name = "[CP] Copy Pods Resources";
			outputPaths = (
			);
			runOnlyForDeploymentPostprocessing = 0;
			shellPath = /bin/sh;
			shellScript = "\"${SRCROOT}/Pods/Target Support Files/Pods-SwiftWechat/Pods-SwiftWechat-resources.sh\"\n";
			showEnvVarsInLog = 0;
		};
		85922ED1C531AD61557A43A3 /* [CP] Embed Pods Frameworks */ = {
			isa = PBXShellScriptBuildPhase;
			buildActionMask = 2147483647;
			files = (
			);
			inputPaths = (
			);
			name = "[CP] Embed Pods Frameworks";
			outputPaths = (
			);
			runOnlyForDeploymentPostprocessing = 0;
			shellPath = /bin/sh;
			shellScript = "\"${SRCROOT}/Pods/Target Support Files/Pods-SwiftWechat/Pods-SwiftWechat-frameworks.sh\"\n";
			showEnvVarsInLog = 0;
		};
/* End PBXShellScriptBuildPhase section */

/* Begin PBXSourcesBuildPhase section */
		5612F59E1E6D673D0009FE80 /* Sources */ = {
			isa = PBXSourcesBuildPhase;
			buildActionMask = 2147483647;
			files = (
				56A815281E6E560B00751901 /* CYContactListController.swift in Sources */,
				56A8151C1E6D854B00751901 /* CYProfileController.swift in Sources */,
				560BAFC21E6EC20A00CE80CB /* CYChatListController.swift in Sources */,
				560BAFC31E6EC20A00CE80CB /* CYChatListCell.swift in Sources */,
				5612F5F81E6D68A50009FE80 /* CYDiscoveyController.swift in Sources */,
				560BAFC71E6EC48F00CE80CB /* CYChatToolbar.swift in Sources */,
				56A8151E1E6D855D00751901 /* CYProfileHeaderCell.swift in Sources */,
				5612F5F21E6D68350009FE80 /* CYTabbarController.swift in Sources */,
				5612F6001E6D6AB80009FE80 /* WBBaseNavigationController.swift in Sources */,
				560BAFC51E6EC22400CE80CB /* CYChatDetailController.swift in Sources */,
				560BAFB31E6E61F600CE80CB /* CYContactListCell.swift in Sources */,
				5612F5ED1E6D68040009FE80 /* AppDelegate.swift in Sources */,
			);
			runOnlyForDeploymentPostprocessing = 0;
		};
		5612F5B21E6D673D0009FE80 /* Sources */ = {
			isa = PBXSourcesBuildPhase;
			buildActionMask = 2147483647;
			files = (
				5612F5BB1E6D673D0009FE80 /* SwiftWechatTests.swift in Sources */,
			);
			runOnlyForDeploymentPostprocessing = 0;
		};
		5612F5BD1E6D673D0009FE80 /* Sources */ = {
			isa = PBXSourcesBuildPhase;
			buildActionMask = 2147483647;
			files = (
				5612F5C61E6D673D0009FE80 /* SwiftWechatUITests.swift in Sources */,
			);
			runOnlyForDeploymentPostprocessing = 0;
		};
/* End PBXSourcesBuildPhase section */

/* Begin PBXTargetDependency section */
		5612F5B81E6D673D0009FE80 /* PBXTargetDependency */ = {
			isa = PBXTargetDependency;
			target = 5612F5A11E6D673D0009FE80 /* SwiftWechat */;
			targetProxy = 5612F5B71E6D673D0009FE80 /* PBXContainerItemProxy */;
		};
		5612F5C31E6D673D0009FE80 /* PBXTargetDependency */ = {
			isa = PBXTargetDependency;
			target = 5612F5A11E6D673D0009FE80 /* SwiftWechat */;
			targetProxy = 5612F5C21E6D673D0009FE80 /* PBXContainerItemProxy */;
		};
/* End PBXTargetDependency section */

/* Begin XCBuildConfiguration section */
		5612F5C81E6D673D0009FE80 /* Debug */ = {
			isa = XCBuildConfiguration;
			buildSettings = {
				ALWAYS_SEARCH_USER_PATHS = NO;
				CLANG_ANALYZER_NONNULL = YES;
				CLANG_CXX_LANGUAGE_STANDARD = "gnu++0x";
				CLANG_CXX_LIBRARY = "libc++";
				CLANG_ENABLE_MODULES = YES;
				CLANG_ENABLE_OBJC_ARC = YES;
				CLANG_WARN_BOOL_CONVERSION = YES;
				CLANG_WARN_CONSTANT_CONVERSION = YES;
				CLANG_WARN_DIRECT_OBJC_ISA_USAGE = YES_ERROR;
				CLANG_WARN_DOCUMENTATION_COMMENTS = YES;
				CLANG_WARN_EMPTY_BODY = YES;
				CLANG_WARN_ENUM_CONVERSION = YES;
				CLANG_WARN_INFINITE_RECURSION = YES;
				CLANG_WARN_INT_CONVERSION = YES;
				CLANG_WARN_OBJC_ROOT_CLASS = YES_ERROR;
				CLANG_WARN_SUSPICIOUS_MOVE = YES;
				CLANG_WARN_UNREACHABLE_CODE = YES;
				CLANG_WARN__DUPLICATE_METHOD_MATCH = YES;
				CODE_SIGN_IDENTITY = "iPhone Developer";
				"CODE_SIGN_IDENTITY[sdk=iphoneos*]" = "iPhone Developer";
				COPY_PHASE_STRIP = NO;
				DEBUG_INFORMATION_FORMAT = dwarf;
				ENABLE_STRICT_OBJC_MSGSEND = YES;
				ENABLE_TESTABILITY = YES;
				GCC_C_LANGUAGE_STANDARD = gnu99;
				GCC_DYNAMIC_NO_PIC = NO;
				GCC_NO_COMMON_BLOCKS = YES;
				GCC_OPTIMIZATION_LEVEL = 0;
				GCC_PREPROCESSOR_DEFINITIONS = (
					"DEBUG=1",
					"$(inherited)",
				);
				GCC_WARN_64_TO_32_BIT_CONVERSION = YES;
				GCC_WARN_ABOUT_RETURN_TYPE = YES_ERROR;
				GCC_WARN_UNDECLARED_SELECTOR = YES;
				GCC_WARN_UNINITIALIZED_AUTOS = YES_AGGRESSIVE;
				GCC_WARN_UNUSED_FUNCTION = YES;
				GCC_WARN_UNUSED_VARIABLE = YES;
				IPHONEOS_DEPLOYMENT_TARGET = 10.2;
				MTL_ENABLE_DEBUG_INFO = YES;
				ONLY_ACTIVE_ARCH = YES;
				SDKROOT = iphoneos;
				SWIFT_ACTIVE_COMPILATION_CONDITIONS = DEBUG;
				SWIFT_OPTIMIZATION_LEVEL = "-Onone";
				TARGETED_DEVICE_FAMILY = "1,2";
			};
			name = Debug;
		};
		5612F5C91E6D673D0009FE80 /* Release */ = {
			isa = XCBuildConfiguration;
			buildSettings = {
				ALWAYS_SEARCH_USER_PATHS = NO;
				CLANG_ANALYZER_NONNULL = YES;
				CLANG_CXX_LANGUAGE_STANDARD = "gnu++0x";
				CLANG_CXX_LIBRARY = "libc++";
				CLANG_ENABLE_MODULES = YES;
				CLANG_ENABLE_OBJC_ARC = YES;
				CLANG_WARN_BOOL_CONVERSION = YES;
				CLANG_WARN_CONSTANT_CONVERSION = YES;
				CLANG_WARN_DIRECT_OBJC_ISA_USAGE = YES_ERROR;
				CLANG_WARN_DOCUMENTATION_COMMENTS = YES;
				CLANG_WARN_EMPTY_BODY = YES;
				CLANG_WARN_ENUM_CONVERSION = YES;
				CLANG_WARN_INFINITE_RECURSION = YES;
				CLANG_WARN_INT_CONVERSION = YES;
				CLANG_WARN_OBJC_ROOT_CLASS = YES_ERROR;
				CLANG_WARN_SUSPICIOUS_MOVE = YES;
				CLANG_WARN_UNREACHABLE_CODE = YES;
				CLANG_WARN__DUPLICATE_METHOD_MATCH = YES;
				CODE_SIGN_IDENTITY = "iPhone Developer";
				"CODE_SIGN_IDENTITY[sdk=iphoneos*]" = "iPhone Developer";
				COPY_PHASE_STRIP = NO;
				DEBUG_INFORMATION_FORMAT = "dwarf-with-dsym";
				ENABLE_NS_ASSERTIONS = NO;
				ENABLE_STRICT_OBJC_MSGSEND = YES;
				GCC_C_LANGUAGE_STANDARD = gnu99;
				GCC_NO_COMMON_BLOCKS = YES;
				GCC_WARN_64_TO_32_BIT_CONVERSION = YES;
				GCC_WARN_ABOUT_RETURN_TYPE = YES_ERROR;
				GCC_WARN_UNDECLARED_SELECTOR = YES;
				GCC_WARN_UNINITIALIZED_AUTOS = YES_AGGRESSIVE;
				GCC_WARN_UNUSED_FUNCTION = YES;
				GCC_WARN_UNUSED_VARIABLE = YES;
				IPHONEOS_DEPLOYMENT_TARGET = 10.2;
				MTL_ENABLE_DEBUG_INFO = NO;
				SDKROOT = iphoneos;
				SWIFT_OPTIMIZATION_LEVEL = "-Owholemodule";
				TARGETED_DEVICE_FAMILY = "1,2";
				VALIDATE_PRODUCT = YES;
			};
			name = Release;
		};
		5612F5CB1E6D673D0009FE80 /* Debug */ = {
			isa = XCBuildConfiguration;
			baseConfigurationReference = 112FA651AF3483C9C119C378 /* Pods-SwiftWechat.debug.xcconfig */;
			buildSettings = {
				ASSETCATALOG_COMPILER_APPICON_NAME = AppIcon;
				ASSETCATALOG_COMPILER_LAUNCHIMAGE_NAME = LaunchImage;
				DEVELOPMENT_TEAM = XDA2CE2AR2;
				INFOPLIST_FILE = SwiftWechat/Info.plist;
				IPHONEOS_DEPLOYMENT_TARGET = 8.0;
				LD_RUNPATH_SEARCH_PATHS = "$(inherited) @executable_path/Frameworks";
				PRODUCT_BUNDLE_IDENTIFIER = com.Charles.SwiftWechat;
				PRODUCT_NAME = "$(TARGET_NAME)";
				PROVISIONING_PROFILE = "ae4c65ee-96f8-4c0a-a9e5-d2a7a96ffdf3";
				PROVISIONING_PROFILE_SPECIFIER = whjAll_profile_dev;
				SWIFT_VERSION = 3.0;
				TARGETED_DEVICE_FAMILY = 1;
			};
			name = Debug;
		};
		5612F5CC1E6D673D0009FE80 /* Release */ = {
			isa = XCBuildConfiguration;
			baseConfigurationReference = 17BAB97396C83253300BAA99 /* Pods-SwiftWechat.release.xcconfig */;
			buildSettings = {
				ASSETCATALOG_COMPILER_APPICON_NAME = AppIcon;
				ASSETCATALOG_COMPILER_LAUNCHIMAGE_NAME = LaunchImage;
				DEVELOPMENT_TEAM = XDA2CE2AR2;
				INFOPLIST_FILE = SwiftWechat/Info.plist;
				IPHONEOS_DEPLOYMENT_TARGET = 8.0;
				LD_RUNPATH_SEARCH_PATHS = "$(inherited) @executable_path/Frameworks";
				PRODUCT_BUNDLE_IDENTIFIER = com.Charles.SwiftWechat;
				PRODUCT_NAME = "$(TARGET_NAME)";
				PROVISIONING_PROFILE = "ae4c65ee-96f8-4c0a-a9e5-d2a7a96ffdf3";
				PROVISIONING_PROFILE_SPECIFIER = whjAll_profile_dev;
				SWIFT_VERSION = 3.0;
				TARGETED_DEVICE_FAMILY = 1;
			};
			name = Release;
		};
		5612F5CE1E6D673D0009FE80 /* Debug */ = {
			isa = XCBuildConfiguration;
			buildSettings = {
				ALWAYS_EMBED_SWIFT_STANDARD_LIBRARIES = YES;
				BUNDLE_LOADER = "$(TEST_HOST)";
				INFOPLIST_FILE = SwiftWechatTests/Info.plist;
				LD_RUNPATH_SEARCH_PATHS = "$(inherited) @executable_path/Frameworks @loader_path/Frameworks";
				PRODUCT_BUNDLE_IDENTIFIER = Charles.SwiftWechatTests;
				PRODUCT_NAME = "$(TARGET_NAME)";
				SWIFT_VERSION = 3.0;
				TEST_HOST = "$(BUILT_PRODUCTS_DIR)/SwiftWechat.app/SwiftWechat";
			};
			name = Debug;
		};
		5612F5CF1E6D673D0009FE80 /* Release */ = {
			isa = XCBuildConfiguration;
			buildSettings = {
				ALWAYS_EMBED_SWIFT_STANDARD_LIBRARIES = YES;
				BUNDLE_LOADER = "$(TEST_HOST)";
				INFOPLIST_FILE = SwiftWechatTests/Info.plist;
				LD_RUNPATH_SEARCH_PATHS = "$(inherited) @executable_path/Frameworks @loader_path/Frameworks";
				PRODUCT_BUNDLE_IDENTIFIER = Charles.SwiftWechatTests;
				PRODUCT_NAME = "$(TARGET_NAME)";
				SWIFT_VERSION = 3.0;
				TEST_HOST = "$(BUILT_PRODUCTS_DIR)/SwiftWechat.app/SwiftWechat";
			};
			name = Release;
		};
		5612F5D11E6D673D0009FE80 /* Debug */ = {
			isa = XCBuildConfiguration;
			buildSettings = {
				ALWAYS_EMBED_SWIFT_STANDARD_LIBRARIES = YES;
				INFOPLIST_FILE = SwiftWechatUITests/Info.plist;
				LD_RUNPATH_SEARCH_PATHS = "$(inherited) @executable_path/Frameworks @loader_path/Frameworks";
				PRODUCT_BUNDLE_IDENTIFIER = Charles.SwiftWechatUITests;
				PRODUCT_NAME = "$(TARGET_NAME)";
				SWIFT_VERSION = 3.0;
				TEST_TARGET_NAME = SwiftWechat;
			};
			name = Debug;
		};
		5612F5D21E6D673D0009FE80 /* Release */ = {
			isa = XCBuildConfiguration;
			buildSettings = {
				ALWAYS_EMBED_SWIFT_STANDARD_LIBRARIES = YES;
				INFOPLIST_FILE = SwiftWechatUITests/Info.plist;
				LD_RUNPATH_SEARCH_PATHS = "$(inherited) @executable_path/Frameworks @loader_path/Frameworks";
				PRODUCT_BUNDLE_IDENTIFIER = Charles.SwiftWechatUITests;
				PRODUCT_NAME = "$(TARGET_NAME)";
				SWIFT_VERSION = 3.0;
				TEST_TARGET_NAME = SwiftWechat;
			};
			name = Release;
		};
/* End XCBuildConfiguration section */

/* Begin XCConfigurationList section */
		5612F59D1E6D673D0009FE80 /* Build configuration list for PBXProject "SwiftWechat" */ = {
			isa = XCConfigurationList;
			buildConfigurations = (
				5612F5C81E6D673D0009FE80 /* Debug */,
				5612F5C91E6D673D0009FE80 /* Release */,
			);
			defaultConfigurationIsVisible = 0;
			defaultConfigurationName = Release;
		};
		5612F5CA1E6D673D0009FE80 /* Build configuration list for PBXNativeTarget "SwiftWechat" */ = {
			isa = XCConfigurationList;
			buildConfigurations = (
				5612F5CB1E6D673D0009FE80 /* Debug */,
				5612F5CC1E6D673D0009FE80 /* Release */,
			);
			defaultConfigurationIsVisible = 0;
			defaultConfigurationName = Release;
		};
		5612F5CD1E6D673D0009FE80 /* Build configuration list for PBXNativeTarget "SwiftWechatTests" */ = {
			isa = XCConfigurationList;
			buildConfigurations = (
				5612F5CE1E6D673D0009FE80 /* Debug */,
				5612F5CF1E6D673D0009FE80 /* Release */,
			);
			defaultConfigurationIsVisible = 0;
			defaultConfigurationName = Release;
		};
		5612F5D01E6D673D0009FE80 /* Build configuration list for PBXNativeTarget "SwiftWechatUITests" */ = {
			isa = XCConfigurationList;
			buildConfigurations = (
				5612F5D11E6D673D0009FE80 /* Debug */,
				5612F5D21E6D673D0009FE80 /* Release */,
			);
			defaultConfigurationIsVisible = 0;
			defaultConfigurationName = Release;
		};
/* End XCConfigurationList section */
	};
	rootObject = 5612F59A1E6D673D0009FE80 /* Project object */;
}
